
Microsoft Visual Studio Solution File, Format Version 12.00
# Visual Studio Version 17
VisualStudioVersion = 17.5.33516.290
MinimumVisualStudioVersion = 10.0.40219.1
Project("{FAE04EC0-301F-11D3-BF4B-00C04F79EFBC}") = "Biblioteca_MVC", "Biblioteca_MVC\Biblioteca_MVC.csproj", "{486C3BDC-D9D4-40D2-A183-A215373EE693}"
EndProject
Global
	GlobalSection(SolutionConfigurationPlatforms) = preSolution
		Debug|Any CPU = Debug|Any CPU
		Release|Any CPU = Release|Any CPU
	EndGlobalSection
	GlobalSection(ProjectConfigurationPlatforms) = postSolution
		{486C3BDC-D9D4-40D2-A183-A215373EE693}.Debug|Any CPU.ActiveCfg = Debug|Any CPU
		{486C3BDC-D9D4-40D2-A183-A215373EE693}.Debug|Any CPU.Build.0 = Debug|Any CPU
		{486C3BDC-D9D4-40D2-A183-A215373EE693}.Release|Any CPU.ActiveCfg = Release|Any CPU
		{486C3BDC-D9D4-40D2-A183-A215373EE693}.Release|Any CPU.Build.0 = Release|Any CPU
	EndGlobalSection
	GlobalSection(SolutionProperties) = preSolution
		HideSolutionNode = FALSE
	EndGlobalSection
	GlobalSection(ExtensibilityGlobals) = postSolution
		SolutionGuid = {FBEC1CFF-C3F0-4A6D-976A-1508637FE778}
	EndGlobalSection
EndGlobal
